
Microsoft Visual Studio Solution File, Format Version 12.00
# Visual Studio Version 16
VisualStudioVersion = 16.0.31005.135
MinimumVisualStudioVersion = 10.0.40219.1
Project("{FAE04EC0-301F-11D3-BF4B-00C04F79EFBC}") = "TowerOfHanoiBeta", "TowerOfHanoiBeta.csproj", "{C021735B-BD81-4E7D-AAF5-912C37958B83}"
EndProject
Global
	GlobalSection(SolutionConfigurationPlatforms) = preSolution
		Debug|Any CPU = Debug|Any CPU
		Release|Any CPU = Release|Any CPU
	EndGlobalSection
	GlobalSection(ProjectConfigurationPlatforms) = postSolution
		{C021735B-BD81-4E7D-AAF5-912C37958B83}.Debug|Any CPU.ActiveCfg = Debug|Any CPU
		{C021735B-BD81-4E7D-AAF5-912C37958B83}.Debug|Any CPU.Build.0 = Debug|Any CPU
		{C021735B-BD81-4E7D-AAF5-912C37958B83}.Release|Any CPU.ActiveCfg = Release|Any CPU
		{C021735B-BD81-4E7D-AAF5-912C37958B83}.Release|Any CPU.Build.0 = Release|Any CPU
	EndGlobalSection
	GlobalSection(SolutionProperties) = preSolution
		HideSolutionNode = FALSE
	EndGlobalSection
	GlobalSection(ExtensibilityGlobals) = postSolution
		SolutionGuid = {DE1973C2-B4EA-4EB1-B553-B05E7BF08A3F}
	EndGlobalSection
EndGlobal
